<?xml version="1.0" encoding="utf-8"?>
<Project ToolsVersion="4.0" xmlns="http://schemas.microsoft.com/developer/msbuild/2003">
  <ItemGroup>
    <Filter Include="sources">
      <UniqueIdentifier>{f0e8e6fa-1f5a-4fee-9b0d-6fbd1763cb14}</UniqueIdentifier>
    </Filter>
    <Filter Include="sources\tinyxml">
      <UniqueIdentifier>{1cadf91e-b4e9-4c17-a713-e0cd5f5b7f4c}</UniqueIdentifier>
    </Filter>
    <Filter Include="resource">
      <UniqueIdentifier>{ef6c5017-78e5-41ed-9586-825f5bb8e86a}</UniqueIdentifier>
    </Filter>
  </ItemGroup>
  <ItemGroup>
    <ClCompile Include="src\tinyxml\tinystr.cpp">
      <Filter>sources\tinyxml</Filter>
    </ClCompile>
    <ClCompile Include="src\tinyxml\tinyxml.cpp">
      <Filter>sources\tinyxml</Filter>
    </ClCompile>
    <ClCompile Include="src\tinyxml\tinyxmlerror.cpp">
      <Filter>sources\tinyxml</Filter>
    </ClCompile>
    <ClCompile Include="src\tinyxml\tinyxmlparser.cpp">
      <Filter>sources\tinyxml</Filter>
    </ClCompile>
    <ClCompile Include="src\main.cpp">
      <Filter>sources</Filter>
    </ClCompile>
    <ClCompile Include="src\Str.cpp">
      <Filter>sources</Filter>
    </ClCompile>
  </ItemGroup>
  <ItemGroup>
    <ClInclude Include="src\tinyxml\tinystr.h">
      <Filter>sources\tinyxml</Filter>
    </ClInclude>
    <ClInclude Include="src\tinyxml\tinyxml.h">
      <Filter>sources\tinyxml</Filter>
    </ClInclude>
    <ClInclude Include="src\Str.h">
      <Filter>sources</Filter>
    </ClInclude>
  </ItemGroup>
  <ItemGroup>
    <ResourceCompile Include="src\keil2vs.rc">
      <Filter>resource</Filter>
    </ResourceCompile>
  </ItemGroup>
</Project>